
Microsoft Visual Studio Solution File, Format Version 12.00
# Visual Studio Version 16
VisualStudioVersion = 16.0.29424.173
MinimumVisualStudioVersion = 10.0.40219.1
Project("{9A19103F-16F7-4668-BE54-9A1E7A4F7556}") = "MvcCosmos", "MvcCosmos.csproj", "{3634C617-5C47-4DC4-8604-E58FA0FBBD9A}"
EndProject
Global
	GlobalSection(SolutionConfigurationPlatforms) = preSolution
		Debug|Any CPU = Debug|Any CPU
		Release|Any CPU = Release|Any CPU
	EndGlobalSection
	GlobalSection(ProjectConfigurationPlatforms) = postSolution
		{3634C617-5C47-4DC4-8604-E58FA0FBBD9A}.Debug|Any CPU.ActiveCfg = Debug|Any CPU
		{3634C617-5C47-4DC4-8604-E58FA0FBBD9A}.Debug|Any CPU.Build.0 = Debug|Any CPU
		{3634C617-5C47-4DC4-8604-E58FA0FBBD9A}.Release|Any CPU.ActiveCfg = Release|Any CPU
		{3634C617-5C47-4DC4-8604-E58FA0FBBD9A}.Release|Any CPU.Build.0 = Release|Any CPU
	EndGlobalSection
	GlobalSection(SolutionProperties) = preSolution
		HideSolutionNode = FALSE
	EndGlobalSection
	GlobalSection(ExtensibilityGlobals) = postSolution
		SolutionGuid = {08A12EE3-71B6-4E73-A1AD-89B8E4705A7F}
	EndGlobalSection
EndGlobal
